
Microsoft Visual Studio Solution File, Format Version 12.00
# Visual Studio Version 17
VisualStudioVersion = 17.11.35327.3
MinimumVisualStudioVersion = 10.0.40219.1
Project("{9A19103F-16F7-4668-BE54-9A1E7A4F7556}") = "EcoWatt", "EcoWatt.csproj", "{F987C20E-3853-44E9-8011-31E0818D8CCB}"
EndProject
Global
	GlobalSection(SolutionConfigurationPlatforms) = preSolution
		Debug|Any CPU = Debug|Any CPU
		Release|Any CPU = Release|Any CPU
	EndGlobalSection
	GlobalSection(ProjectConfigurationPlatforms) = postSolution
		{F987C20E-3853-44E9-8011-31E0818D8CCB}.Debug|Any CPU.ActiveCfg = Debug|Any CPU
		{F987C20E-3853-44E9-8011-31E0818D8CCB}.Debug|Any CPU.Build.0 = Debug|Any CPU
		{F987C20E-3853-44E9-8011-31E0818D8CCB}.Release|Any CPU.ActiveCfg = Release|Any CPU
		{F987C20E-3853-44E9-8011-31E0818D8CCB}.Release|Any CPU.Build.0 = Release|Any CPU
	EndGlobalSection
	GlobalSection(SolutionProperties) = preSolution
		HideSolutionNode = FALSE
	EndGlobalSection
	GlobalSection(ExtensibilityGlobals) = postSolution
		SolutionGuid = {01CE09D5-29EB-4F35-804E-92A13B7E8D93}
	EndGlobalSection
EndGlobal
